lockfileVersion: '9.0'

settings:
  autoInstallPeers: true
  excludeLinksFromLockfile: false

importers:

  .:
    dependencies:
      '@shikijs/engine-javascript':
        specifier: 4.5.0
        version: 4.5.0

packages:

  '@shikijs/engine-javascript@4.5.0':
    resolution: {integrity: sha512-Ed6UdEj84LyYkwnxM5CvSMWAD+id9ExTYri0/+x41U9zrgNifPSS9lZm0JqBP0VfYI8yr8tY5nbNq9+p9R0kFA==}
    engines: {node: '>=20'}

  '@shikijs/types@4.5.0':
    resolution: {integrity: sha512-drtPrtD8N0DENyD2cyt6Ajy+IWsiCLgMxODwLTpvH1UsN6a9jf90tNTPjqwHvA+0Lzu9e0txk8DjfqH1p9UJRw==}
    engines: {node: '>=20'}

  '@shikijs/vscode-textmate@10.0.2':
    resolution: {integrity: sha512-83yeghZ2xxin3Nj8z1NMd/NCuca+gsYXswywDy5bHvwlWL8tpTQmzGeUuHd9FC3E/SBEMvzJRwWEOz5gGes9Qg==}

  '@types/hast@3.0.5':
    resolution: {integrity: sha512-rp/ezSWaD1m44dPKICGhiskI13nVr7qTloFwDa/IYkhhf5nzwP+zIQcIJh3WIFSBOy/H1PzB40jPjMDksN4F+g==}

  '@types/unist@3.0.3':
    resolution: {integrity: sha512-ko/gIFJRv177XgZsZcBwnqJN5x/Gien8qNOn0D5bQU/zAzVf9Zt3BlcUiLqhV9y4ARk0GbT3tnUiPNgnTXzc/Q==}

  oniguruma-parser@0.12.2:
    resolution: {integrity: sha512-6HVa5oIrgMC6aA6WF6XyyqbhRPJrKR02L20+2+zpDtO5QAzGHAUGw5TKQvwi5vctNnRHkJYmjAhRVQF2EKdTQw==}

  oniguruma-to-es@4.3.6:
    resolution: {integrity: sha512-csuQ9x3Yr0cEIs/Zgx/OEt9iBw9vqIunAPQkx19R/fiMq2oGVTgcMqO/V3Ybqefr1TBvosI6jU539ksaBULJyA==}

  regex-recursion@6.0.2:
    resolution: {integrity: sha512-0YCaSCq2VRIebiaUviZNs0cBz1kg5kVS2UKUfNIx8YVs1cN3AV7NTctO5FOKBA+UT2BPJIWZauYHPqJODG50cg==}

  regex-utilities@2.3.0:
    resolution: {integrity: sha512-8VhliFJAWRaUiVvREIiW2NXXTmHs4vMNnSzuJVhscgmGav3g9VDxLrQndI3dZZVVdp0ZO/5v0xmX516/7M9cng==}

  regex@6.1.0:
    resolution: {integrity: sha512-6VwtthbV4o/7+OaAF9I5L5V3llLEsoPyq9P1JVXkedTP33c7MfCG0/5NOPcSJn0TzXcG9YUrR0gQSWioew3LDg==}

snapshots:

  '@shikijs/engine-javascript@4.5.0':
    dependencies:
      '@shikijs/types': 4.5.0
      '@shikijs/vscode-textmate': 10.0.2
      oniguruma-to-es: 4.3.6

  '@shikijs/types@4.5.0':
    dependencies:
      '@shikijs/vscode-textmate': 10.0.2
      '@types/hast': 3.0.5

  '@shikijs/vscode-textmate@10.0.2': {}

  '@types/hast@3.0.5':
    dependencies:
      '@types/unist': 3.0.3

  '@types/unist@3.0.3': {}

  oniguruma-parser@0.12.2: {}

  oniguruma-to-es@4.3.6:
    dependencies:
      oniguruma-parser: 0.12.2
      regex: 6.1.0
      regex-recursion: 6.0.2

  regex-recursion@6.0.2:
    dependencies:
      regex-utilities: 2.3.0

  regex-utilities@2.3.0: {}

  regex@6.1.0:
    dependencies:
      regex-utilities: 2.3.0
